go.llib.dev/testcase v0.161.0 h1:FYemgdVW133Fpr7jE04ItEFW0lIxfyLWQg85I8cdJ1I=
go.llib.dev/testcase v0.161.0/go.mod h1:eNeWtttI6gxtHp/+r4X2Iqwv1QfIvcPTDHaAtkItfuQ=
go.llib.dev/testcase v0.162.0 h1:wDccJGME3hrY2Ii/+F5NdZN9BfOmYXG3MOI+OAr6/So=
go.llib.dev/testcase v0.162.0/go.mod h1:eNeWtttI6gxtHp/+r4X2Iqwv1QfIvcPTDHaAtkItfuQ=
go.llib.dev/testcase v0.162.1 h1:/hzvVmI4XTapu04lQ7zlWU/hzGqTtykL8rF7fPrrak0=
go.llib.dev/testcase v0.162.1/go.mod h1:eNeWtttI6gxtHp/+r4X2Iqwv1QfIvcPTDHaAtkItfuQ=
go.llib.dev/testcase v0.163.0 h1:vXwCMIYXJx3ffJckE078avWYAClKTb1zr4iPBGLiWWo=
go.llib.dev/testcase v0.163.0/go.mod h1:eNeWtttI6gxtHp/+r4X2Iqwv1QfIvcPTDHaAtkItfuQ=
