go.llib.dev/frameless v0.258.0 h1:U9/GkG01jNd6DAEv6rHIBLPTLNSE5dgLYXzWAsrNY58=
go.llib.dev/frameless v0.258.0/go.mod h1:LGlJdtuFjTvNMuyz5u77qoyrlDwMqaHwvyog8c7JUVc=
go.llib.dev/testcase v0.167.0 h1:jLzhhZzz/mNPUqfA7LBhCvY/uvgElzEuHVMVer1aMqw=
go.llib.dev/testcase v0.167.0/go.mod h1:eNeWtttI6gxtHp/+r4X2Iqwv1QfIvcPTDHaAtkItfuQ=
