filippo.io/edwards25519 v1.1.0 h1:FNf4tywRC1HmFuKW5xopWpigGjJKiJSV0Cqo0cJWDaA=
filippo.io/edwards25519 v1.1.0/go.mod h1:BxyFTGdWcka3PhytdK4V28tE5sGfRvvvRV7EaN4VDT4=
github.com/go-sql-driver/mysql v1.8.1 h1:LedoTUt/eveggdHS9qUFC1EFSa8bU2+1pZjSRpvNJ1Y=
github.com/go-sql-driver/mysql v1.8.1/go.mod h1:wEBSXgmK//2ZFJyE+qWnIsVGmvmEKlqwuVSjsCm7DZg=
github.com/go-sql-driver/mysql v1.9.1 h1:FrjNGn/BsJQjVRuSa8CBrM5BWA9BWoXXat3KrtSb/iI=
github.com/go-sql-driver/mysql v1.9.1/go.mod h1:qn46aNg1333BRMNU69Lq93t8du/dwxI64Gl8i5p1WMU=
github.com/go-sql-driver/mysql v1.9.2 h1:4cNKDYQ1I84SXslGddlsrMhc8k4LeDVj6Ad6WRjiHuU=
github.com/go-sql-driver/mysql v1.9.2/go.mod h1:qn46aNg1333BRMNU69Lq93t8du/dwxI64Gl8i5p1WMU=
go.llib.dev/frameless v0.259.4 h1:WxrN98lGvYXESa5YCmni5Nxpl7qI9wkt5cmyiVNQhBg=
go.llib.dev/frameless v0.259.4/go.mod h1:LGlJdtuFjTvNMuyz5u77qoyrlDwMqaHwvyog8c7JUVc=
go.llib.dev/frameless v0.285.0 h1:piuGaruPO8WeVgR3Fbzu6El0g1eSgbN7MJ4RT1NoXMI=
go.llib.dev/frameless v0.285.0/go.mod h1:noc6+FCs6mjuJf0bHuFOE0zxRmUMuXL+IjSg/VdNUqo=
go.llib.dev/frameless v0.292.1 h1:Y/dVyaPWvVzu5dJQ0G00yMSpdyNwF6G2EMtRq83IRBw=
go.llib.dev/frameless v0.292.1/go.mod h1:2lZXAVSLmwP7oB16Bu7Rx1G/3Y42GYSkZ8hnrYRS0S0=
go.llib.dev/frameless v0.293.0 h1:EG2rv1YwkO9VWWj55CA1NFCvXcJ5vvmPI7JBU6Coup4=
go.llib.dev/frameless v0.293.0/go.mod h1:yP2D1w+slyP1+CBTttLcMXeM4EfQhtcxdWVa2nHJbAw=
go.llib.dev/frameless v0.298.0 h1:pBP8uaaV1KzYKszQ5mIGWeVw0nvJAKoFB67vQ0G9t8k=
go.llib.dev/frameless v0.298.0/go.mod h1:iuwsZhANY94c52KI0+ECogjOTuIhvV+SUpT0Z7oP4hc=
go.llib.dev/frameless v0.298.2 h1:N2deCL94/PPz+bh0K8wHR5NonFGTtXK28F4kpjPQ9ao=
go.llib.dev/frameless v0.298.2/go.mod h1:iuwsZhANY94c52KI0+ECogjOTuIhvV+SUpT0Z7oP4hc=
go.llib.dev/testcase v0.167.0 h1:jLzhhZzz/mNPUqfA7LBhCvY/uvgElzEuHVMVer1aMqw=
go.llib.dev/testcase v0.167.0/go.mod h1:eNeWtttI6gxtHp/+r4X2Iqwv1QfIvcPTDHaAtkItfuQ=
go.llib.dev/testcase v0.171.0 h1:YfXaMiSerdBQ0MNnyXCZBXfpKPeKeATaqOi9FEhTBT8=
go.llib.dev/testcase v0.171.0/go.mod h1:eNeWtttI6gxtHp/+r4X2Iqwv1QfIvcPTDHaAtkItfuQ=
go.llib.dev/testcase v0.176.0 h1:tCxj0fcOXIyHuDraD5WEh+NfXa0EhGmuwv2xbQuBIls=
go.llib.dev/testcase v0.176.0/go.mod h1:eNeWtttI6gxtHp/+r4X2Iqwv1QfIvcPTDHaAtkItfuQ=
go.llib.dev/testcase v0.179.1 h1:QHzIHsveRwApCmj5OY2mY7/pQjVIPloXYws7jdspJCw=
go.llib.dev/testcase v0.179.1/go.mod h1:eNeWtttI6gxtHp/+r4X2Iqwv1QfIvcPTDHaAtkItfuQ=
