filippo.io/edwards25519 v1.1.0 h1:FNf4tywRC1HmFuKW5xopWpigGjJKiJSV0Cqo0cJWDaA=
filippo.io/edwards25519 v1.1.0/go.mod h1:BxyFTGdWcka3PhytdK4V28tE5sGfRvvvRV7EaN4VDT4=
github.com/go-sql-driver/mysql v1.9.3 h1:U/N249h2WzJ3Ukj8SowVFjdtZKfu9vlLZxjPXV1aweo=
github.com/go-sql-driver/mysql v1.9.3/go.mod h1:qn46aNg1333BRMNU69Lq93t8du/dwxI64Gl8i5p1WMU=
go.llib.dev/frameless v0.302.0 h1:LecShzF7MdCIYHMKGQhBN5d5kLXZxuFmiKHslPoonto=
go.llib.dev/frameless v0.302.0/go.mod h1:bf/i18QbYtumN+EL4xbzutdjkMBSri1773PN3GjYDe4=
go.llib.dev/testcase v0.184.0 h1:tJ75TP7FxYtFcRovfVvlH75GdC88aE4PqNJBqxHhyvQ=
go.llib.dev/testcase v0.184.0/go.mod h1:eNeWtttI6gxtHp/+r4X2Iqwv1QfIvcPTDHaAtkItfuQ=
