go.llib.dev/frameless v0.318.0 h1:+18SN2IyFwL0Q551eBAeaYIX2wua2nmGyK7u5qu6wMI=
go.llib.dev/frameless v0.318.0/go.mod h1:YII372nGyfy7kgdOR5yL24UbcuZXg1k1pzKbmkS8z2g=
go.llib.dev/testcase v0.189.0 h1:tW88kfp3L+ZsaSUy7HV9vfgx2ZBoysBRCZ7pc+aZMpI=
go.llib.dev/testcase v0.189.0/go.mod h1:eNeWtttI6gxtHp/+r4X2Iqwv1QfIvcPTDHaAtkItfuQ=
