github.com/adamluzsi/testcase v0.142.1 h1:spKWjiZJPH9iwGSM5Lpux10GzdoJh7JoaewewviMnh0=
github.com/adamluzsi/testcase v0.142.1/go.mod h1:fRO4abguH2jafdgZjlQOblC0zG2wl+JFs65vvBG/SsM=
github.com/davecgh/go-spew v1.1.0/go.mod h1:J7Y8YcW2NihsgmVo/mv3lAwl/skON4iLHjSsI+c5H38=
github.com/davecgh/go-spew v1.1.1 h1:vj9j/u1bqnvCEfJOwUhtlOARqs3+rkHYY13jYWTU97c=
github.com/jackc/pgpassfile v1.0.0 h1:/6Hmqy13Ss2zCq62VdNG8tM1wchn8zjSGOBJ6icpsIM=
github.com/jackc/pgpassfile v1.0.0/go.mod h1:CEx0iS5ambNFdcRtxPj5JhEz+xB6uRky5eyVu/W2HEg=
github.com/jackc/pgservicefile v0.0.0-20221227161230-091c0ba34f0a h1:bbPeKD0xmW/Y25WS6cokEszi5g+S0QxI/d45PkRi7Nk=
github.com/jackc/pgservicefile v0.0.0-20221227161230-091c0ba34f0a/go.mod h1:5TJZWKEWniPve33vlWYSoGYefn3gLQRzjfDlhSJ9ZKM=
github.com/jackc/pgservicefile v0.0.0-20231201235250-de7065d80cb9 h1:L0QtFUgDarD7Fpv9jeVMgy/+Ec0mtnmYuImjTz6dtDA=
github.com/jackc/pgservicefile v0.0.0-20231201235250-de7065d80cb9/go.mod h1:5TJZWKEWniPve33vlWYSoGYefn3gLQRzjfDlhSJ9ZKM=
github.com/jackc/pgx/v5 v5.4.3 h1:cxFyXhxlvAifxnkKKdlxv8XqUf59tDlYjnV5YYfsJJY=
github.com/jackc/pgx/v5 v5.4.3/go.mod h1:Ig06C2Vu0t5qXC60W8sqIthScaEnFvojjj9dSljmHRA=
github.com/jackc/pgx/v5 v5.5.2 h1:iLlpgp4Cp/gC9Xuscl7lFL1PhhW+ZLtXZcrfCt4C3tA=
github.com/jackc/pgx/v5 v5.5.2/go.mod h1:ez9gk+OAat140fv9ErkZDYFWmXLfV+++K0uAOiwgm1A=
github.com/jackc/puddle/v2 v2.2.1 h1:RhxXJtFG022u4ibrCSMSiu5aOq1i77R3OHKNJj77OAk=
github.com/jackc/puddle/v2 v2.2.1/go.mod h1:vriiEXHvEE654aYKXXjOvZM39qJ0q+azkZFrfEOc3H4=
github.com/pmezard/go-difflib v1.0.0 h1:4DBwDE0NGyQoBHbLQYPwSUPoCMWR5BEzIk/f1lZbAQM=
github.com/pmezard/go-difflib v1.0.0/go.mod h1:iKH77koFhYxTK1pcRnkKkqfTogsbg7gZNVY4sRDYZ/4=
github.com/stretchr/objx v0.1.0/go.mod h1:HFkY916IF+rwdDfMAkV7OtwuqBVzrE8GR6GFx+wExME=
github.com/stretchr/testify v1.3.0/go.mod h1:M5WIy9Dh21IEIfnGCwXGc5bZfKNJtfHm1UVUgZn+9EI=
github.com/stretchr/testify v1.7.0/go.mod h1:6Fq8oRcR53rry900zMqJjRRixrwX3KX962/h/Wwjteg=
github.com/stretchr/testify v1.8.1 h1:w7B6lhMri9wdJUVmEZPGGhZzrYTPvgJArz7wNPgYKsk=
go.llib.dev/frameless v0.167.0 h1:0n2soNG2ebNUmRIgKuCP0tmzWSXMyR7QsaL97ZkJivw=
go.llib.dev/frameless v0.167.0/go.mod h1:9fUjY+EOh5cDiVUfoiQP/nQbF5cA96J+gv+UKAYAUno=
go.llib.dev/frameless v0.167.3 h1:CGHvvpSwLKyZpbn0k74oZc+OqeYx3XXjoJyzg7+RXQs=
go.llib.dev/frameless v0.167.3/go.mod h1:OBeHW5kmq29AxowC7PtIuxKeK4Js9r69SvUrq8hKNJY=
go.llib.dev/frameless v0.168.0 h1:Z02y2rWqpi6D0ZGm1CCNVL9YaUDHtP3Dl2Jg9IuNYeQ=
go.llib.dev/frameless v0.168.0/go.mod h1:OBeHW5kmq29AxowC7PtIuxKeK4Js9r69SvUrq8hKNJY=
go.llib.dev/frameless v0.178.1 h1:QrWM3fddhqvXIEUQ/N3wgkhqK+xX4sRlpbiJwVDXwZM=
go.llib.dev/frameless v0.178.1/go.mod h1:bAzJdlLwtjD5XXuzS74dFgLwNuLOi6dPR1FMr/NqQog=
go.llib.dev/frameless v0.214.0 h1:yWZNcE6ynUbenkUXmyfsTKj/cM07GzFZxkVcdA4fR5U=
go.llib.dev/frameless v0.214.0/go.mod h1:+4MaTekzdASjEW0i44GdMzq93osY4VL3am715ovs40s=
go.llib.dev/frameless v0.217.0 h1:DVzOuZ2lGo8zFpFgyPWqOe7vPlhpHy55LZfeGBohgQM=
go.llib.dev/frameless v0.217.0/go.mod h1:3T7oWPyCR1dChy+DTHdaDJKPl/3rfyGIAz4NyVtcr7g=
go.llib.dev/testcase v0.143.0 h1:B2wbIrhPwevmHpMzBXPQCVpk6Cc4bUEZxpvZXnbhsxs=
go.llib.dev/testcase v0.143.0/go.mod h1:eNeWtttI6gxtHp/+r4X2Iqwv1QfIvcPTDHaAtkItfuQ=
go.llib.dev/testcase v0.144.0 h1:TPymgbj/nYHWKN19XTqa3XuqDCU4wGuIbBe7KsNVgJg=
go.llib.dev/testcase v0.144.0/go.mod h1:eNeWtttI6gxtHp/+r4X2Iqwv1QfIvcPTDHaAtkItfuQ=
go.llib.dev/testcase v0.145.1 h1:ctmrzIYRYP3n8uFDjE7jy2OfDjV+aDPD07UBnTMRvwg=
go.llib.dev/testcase v0.145.1/go.mod h1:eNeWtttI6gxtHp/+r4X2Iqwv1QfIvcPTDHaAtkItfuQ=
go.llib.dev/testcase v0.146.0 h1:QdjUpHxSVarrzCwuJMlQt+tfPuDkPM45E2WVQbLNy7E=
go.llib.dev/testcase v0.146.0/go.mod h1:eNeWtttI6gxtHp/+r4X2Iqwv1QfIvcPTDHaAtkItfuQ=
go.llib.dev/testcase v0.148.1/go.mod h1:eNeWtttI6gxtHp/+r4X2Iqwv1QfIvcPTDHaAtkItfuQ=
go.llib.dev/testcase v0.151.0/go.mod h1:eNeWtttI6gxtHp/+r4X2Iqwv1QfIvcPTDHaAtkItfuQ=
golang.org/x/crypto v0.14.0 h1:wBqGXzWJW6m1XrIKlAH0Hs1JJ7+9KBwnIO8v66Q9cHc=
golang.org/x/crypto v0.14.0/go.mod h1:MVFd36DqK4CsrnJYDkBA3VC4m2GkXAM0PvzMCn4JQf4=
golang.org/x/crypto v0.18.0 h1:PGVlW0xEltQnzFZ55hkuX5+KLyrMYhHld1YHO4AKcdc=
golang.org/x/crypto v0.18.0/go.mod h1:R0j02AL6hcrfOiy9T4ZYp/rcWeMxM3L6QYxlOuEG1mg=
golang.org/x/sync v0.4.0 h1:zxkM55ReGkDlKSM+Fu41A+zmbZuaPVbGMzvvdUPznYQ=
golang.org/x/sync v0.4.0/go.mod h1:FU7BRWz2tNW+3quACPkgCx/L+uEAv1htQ0V83Z9Rj+Y=
golang.org/x/sync v0.6.0 h1:5BMeUDZ7vkXGfEr1x9B4bRcTH4lpkTkpdh0T/J+qjbQ=
golang.org/x/sync v0.6.0/go.mod h1:Czt+wKu1gCyEFDUtn0jG5QVvpJ6rzVqr5aXyt9drQfk=
golang.org/x/text v0.13.0 h1:ablQoSUd0tRdKxZewP80B+BaqeKJuVhuRxj/dkrun3k=
golang.org/x/text v0.13.0/go.mod h1:TvPlkZtksWOMsz7fbANvkp4WM8x/WCo/om8BMLbz+aE=
golang.org/x/text v0.14.0 h1:ScX5w1eTa3QqT8oi6+ziP7dTV1S2+ALU0bI+0zXKWiQ=
golang.org/x/text v0.14.0/go.mod h1:18ZOQIKpY8NJVqYksKHtTdi31H5itFRjB5/qKTNYzSU=
gopkg.in/check.v1 v0.0.0-20161208181325-20d25e280405/go.mod h1:Co6ibVJAznAaIkqp8huTwlJQCZ016jof/cbN4VW5Yz0=
gopkg.in/yaml.v3 v3.0.0-20200313102051-9f266ea9e77c/go.mod h1:K4uyk7z7BCEPqu6E+C64Yfv1cQ7kz7rIZviUmN+EgEM=
gopkg.in/yaml.v3 v3.0.1 h1:fxVm/GzAzEWqLHuvctI91KS9hhNmmWOoWu0XTYJS7CA=
