github.com/adamluzsi/frameless v0.155.0 h1:n9ofLwsbjCPJ0ooiCNLRFv1bqkaI8VrPMZsGw7nOGRs=
github.com/adamluzsi/frameless v0.155.0/go.mod h1:xlYoHaXYUHtaY+d+wG35ZTeNiCbc7pBHwssslMjyuhY=
github.com/adamluzsi/frameless v0.157.0 h1:ImPImANW1dbBky1wi1U75QvS6RWzcdIQ4gLs68YS/3o=
github.com/adamluzsi/frameless v0.157.0/go.mod h1:xlYoHaXYUHtaY+d+wG35ZTeNiCbc7pBHwssslMjyuhY=
github.com/adamluzsi/frameless v0.157.1 h1:wd//2L+gQ4+w8DiODoYvAKI7Z+QBxEZkBcXwt+1atq4=
github.com/adamluzsi/frameless v0.157.1/go.mod h1:xlYoHaXYUHtaY+d+wG35ZTeNiCbc7pBHwssslMjyuhY=
github.com/adamluzsi/frameless v0.159.0 h1:NMeWgQPPL1mE/8QxFmGJwqoPldr0GQlJXM6+wuAyQDE=
github.com/adamluzsi/frameless v0.159.0/go.mod h1:nMdKW8pGKt2ipUdcP0LQl/2DoeF4zw6h5r7dWI8K6VI=
github.com/adamluzsi/frameless v0.160.1 h1:iczPtloeczcLGmocYqtQbmApn7TBryaJOi/PdGJBx7s=
github.com/adamluzsi/frameless v0.160.1/go.mod h1:nMdKW8pGKt2ipUdcP0LQl/2DoeF4zw6h5r7dWI8K6VI=
github.com/adamluzsi/frameless v0.163.0 h1:mz1/xnBguK8elXUVwYN2sF59mDadFemzE3w0JVoQKxY=
github.com/adamluzsi/frameless v0.163.0/go.mod h1:nMdKW8pGKt2ipUdcP0LQl/2DoeF4zw6h5r7dWI8K6VI=
github.com/adamluzsi/frameless v0.165.0 h1:cFdUQc4eLIZfkDuk1ASVnFF9tAdPYMY6PukBUv86ORQ=
github.com/adamluzsi/frameless v0.165.0/go.mod h1:MunO+s3Y9gfDsJazYOBMWnLehC31RJBxstWQGbWBFBc=
github.com/adamluzsi/frameless v0.165.1 h1:7tVv169mjkWx8LxXU9QQF0dUIlDpZhixRl/pBvEGl3k=
github.com/adamluzsi/frameless v0.165.1/go.mod h1:MunO+s3Y9gfDsJazYOBMWnLehC31RJBxstWQGbWBFBc=
github.com/adamluzsi/testcase v0.137.0 h1:lLbJeiClsUzM2OsRv5NkNe++3uIg4Tfija042uXihpE=
github.com/adamluzsi/testcase v0.137.0/go.mod h1:fRO4abguH2jafdgZjlQOblC0zG2wl+JFs65vvBG/SsM=
github.com/adamluzsi/testcase v0.139.1 h1:k9LY0ZoPRXbrumcxklLjBya9gPQAlcFWaQ7gMjgkU5U=
github.com/adamluzsi/testcase v0.139.1/go.mod h1:fRO4abguH2jafdgZjlQOblC0zG2wl+JFs65vvBG/SsM=
github.com/adamluzsi/testcase v0.142.0 h1:cT/LVaVJ79WsK6/E7v5lFQ9QNq7YBFg3POWpncvSf68=
github.com/adamluzsi/testcase v0.142.0/go.mod h1:fRO4abguH2jafdgZjlQOblC0zG2wl+JFs65vvBG/SsM=
github.com/davecgh/go-spew v1.1.0/go.mod h1:J7Y8YcW2NihsgmVo/mv3lAwl/skON4iLHjSsI+c5H38=
github.com/davecgh/go-spew v1.1.1 h1:vj9j/u1bqnvCEfJOwUhtlOARqs3+rkHYY13jYWTU97c=
github.com/jackc/pgpassfile v1.0.0 h1:/6Hmqy13Ss2zCq62VdNG8tM1wchn8zjSGOBJ6icpsIM=
github.com/jackc/pgpassfile v1.0.0/go.mod h1:CEx0iS5ambNFdcRtxPj5JhEz+xB6uRky5eyVu/W2HEg=
github.com/jackc/pgservicefile v0.0.0-20221227161230-091c0ba34f0a h1:bbPeKD0xmW/Y25WS6cokEszi5g+S0QxI/d45PkRi7Nk=
github.com/jackc/pgservicefile v0.0.0-20221227161230-091c0ba34f0a/go.mod h1:5TJZWKEWniPve33vlWYSoGYefn3gLQRzjfDlhSJ9ZKM=
github.com/jackc/pgx/v5 v5.3.1 h1:Fcr8QJ1ZeLi5zsPZqQeUZhNhxfkkKBOgJuYkJHoBOtU=
github.com/jackc/pgx/v5 v5.3.1/go.mod h1:t3JDKnCBlYIc0ewLF0Q7B8MXmoIaBOZj/ic7iHozM/8=
github.com/jackc/pgx/v5 v5.4.3 h1:cxFyXhxlvAifxnkKKdlxv8XqUf59tDlYjnV5YYfsJJY=
github.com/jackc/pgx/v5 v5.4.3/go.mod h1:Ig06C2Vu0t5qXC60W8sqIthScaEnFvojjj9dSljmHRA=
github.com/jackc/puddle/v2 v2.2.0 h1:RdcDk92EJBuBS55nQMMYFXTxwstHug4jkhT5pq8VxPk=
github.com/jackc/puddle/v2 v2.2.0/go.mod h1:vriiEXHvEE654aYKXXjOvZM39qJ0q+azkZFrfEOc3H4=
github.com/jackc/puddle/v2 v2.2.1 h1:RhxXJtFG022u4ibrCSMSiu5aOq1i77R3OHKNJj77OAk=
github.com/jackc/puddle/v2 v2.2.1/go.mod h1:vriiEXHvEE654aYKXXjOvZM39qJ0q+azkZFrfEOc3H4=
github.com/pmezard/go-difflib v1.0.0 h1:4DBwDE0NGyQoBHbLQYPwSUPoCMWR5BEzIk/f1lZbAQM=
github.com/pmezard/go-difflib v1.0.0/go.mod h1:iKH77koFhYxTK1pcRnkKkqfTogsbg7gZNVY4sRDYZ/4=
github.com/stretchr/objx v0.1.0/go.mod h1:HFkY916IF+rwdDfMAkV7OtwuqBVzrE8GR6GFx+wExME=
github.com/stretchr/testify v1.3.0/go.mod h1:M5WIy9Dh21IEIfnGCwXGc5bZfKNJtfHm1UVUgZn+9EI=
github.com/stretchr/testify v1.7.0/go.mod h1:6Fq8oRcR53rry900zMqJjRRixrwX3KX962/h/Wwjteg=
github.com/stretchr/testify v1.8.1 h1:w7B6lhMri9wdJUVmEZPGGhZzrYTPvgJArz7wNPgYKsk=
golang.org/x/crypto v0.9.0 h1:LF6fAI+IutBocDJ2OT0Q1g8plpYljMZ4+lty+dsqw3g=
golang.org/x/crypto v0.9.0/go.mod h1:yrmDGqONDYtNj3tH8X9dzUun2m2lzPa9ngI6/RUPGR0=
golang.org/x/crypto v0.10.0 h1:LKqV2xt9+kDzSTfOhx4FrkEBcMrAgHSYgzywV9zcGmM=
golang.org/x/crypto v0.10.0/go.mod h1:o4eNf7Ede1fv+hwOwZsTHl9EsPFO6q6ZvYR8vYfY45I=
golang.org/x/crypto v0.12.0 h1:tFM/ta59kqch6LlvYnPa0yx5a83cL2nHflFhYKvv9Yk=
golang.org/x/crypto v0.12.0/go.mod h1:NF0Gs7EO5K4qLn+Ylc+fih8BSTeIjAP05siRnAh98yw=
golang.org/x/sync v0.2.0 h1:PUR+T4wwASmuSTYdKjYHI5TD22Wy5ogLU5qZCOLxBrI=
golang.org/x/sync v0.2.0/go.mod h1:RxMgew5VJxzue5/jJTE5uejpjVlOe/izrB70Jof72aM=
golang.org/x/sync v0.3.0 h1:ftCYgMx6zT/asHUrPw8BLLscYtGznsLAnjq5RH9P66E=
golang.org/x/sync v0.3.0/go.mod h1:FU7BRWz2tNW+3quACPkgCx/L+uEAv1htQ0V83Z9Rj+Y=
golang.org/x/text v0.9.0 h1:2sjJmO8cDvYveuX97RDLsxlyUxLl+GHoLxBiRdHllBE=
golang.org/x/text v0.9.0/go.mod h1:e1OnstbJyHTd6l/uOt8jFFHp6TRDWZR/bV3emEE/zU8=
golang.org/x/text v0.10.0 h1:UpjohKhiEgNc0CSauXmwYftY1+LlaC75SJwh0SgCX58=
golang.org/x/text v0.10.0/go.mod h1:TvPlkZtksWOMsz7fbANvkp4WM8x/WCo/om8BMLbz+aE=
golang.org/x/text v0.12.0 h1:k+n5B8goJNdU7hSvEtMUz3d1Q6D/XW4COJSJR6fN0mc=
golang.org/x/text v0.12.0/go.mod h1:TvPlkZtksWOMsz7fbANvkp4WM8x/WCo/om8BMLbz+aE=
gopkg.in/check.v1 v0.0.0-20161208181325-20d25e280405/go.mod h1:Co6ibVJAznAaIkqp8huTwlJQCZ016jof/cbN4VW5Yz0=
gopkg.in/yaml.v3 v3.0.0-20200313102051-9f266ea9e77c/go.mod h1:K4uyk7z7BCEPqu6E+C64Yfv1cQ7kz7rIZviUmN+EgEM=
gopkg.in/yaml.v3 v3.0.1 h1:fxVm/GzAzEWqLHuvctI91KS9hhNmmWOoWu0XTYJS7CA=
