github.com/davecgh/go-spew v1.1.0/go.mod h1:J7Y8YcW2NihsgmVo/mv3lAwl/skON4iLHjSsI+c5H38=
github.com/davecgh/go-spew v1.1.1 h1:vj9j/u1bqnvCEfJOwUhtlOARqs3+rkHYY13jYWTU97c=
github.com/jackc/pgpassfile v1.0.0 h1:/6Hmqy13Ss2zCq62VdNG8tM1wchn8zjSGOBJ6icpsIM=
github.com/jackc/pgpassfile v1.0.0/go.mod h1:CEx0iS5ambNFdcRtxPj5JhEz+xB6uRky5eyVu/W2HEg=
github.com/jackc/pgservicefile v0.0.0-20240606120523-5a60cdf6a761 h1:iCEnooe7UlwOQYpKFhBabPMi4aNAfoODPEFNiAnClxo=
github.com/jackc/pgservicefile v0.0.0-20240606120523-5a60cdf6a761/go.mod h1:5TJZWKEWniPve33vlWYSoGYefn3gLQRzjfDlhSJ9ZKM=
github.com/jackc/pgx/v5 v5.6.0 h1:SWJzexBzPL5jb0GEsrPMLIsi/3jOo7RHlzTjcAeDrPY=
github.com/jackc/pgx/v5 v5.6.0/go.mod h1:DNZ/vlrUnhWCoFGxHAG8U2ljioxukquj7utPDgtQdTw=
github.com/jackc/pgx/v5 v5.7.1 h1:x7SYsPBYDkHDksogeSmZZ5xzThcTgRz++I5E+ePFUcs=
github.com/jackc/pgx/v5 v5.7.1/go.mod h1:e7O26IywZZ+naJtWWos6i6fvWK+29etgITqrqHLfoZA=
github.com/jackc/pgx/v5 v5.7.2 h1:mLoDLV6sonKlvjIEsV56SkWNCnuNv531l94GaIzO+XI=
github.com/jackc/pgx/v5 v5.7.2/go.mod h1:ncY89UGWxg82EykZUwSpUKEfccBGGYq1xjrOpsbsfGQ=
github.com/jackc/puddle/v2 v2.2.1 h1:RhxXJtFG022u4ibrCSMSiu5aOq1i77R3OHKNJj77OAk=
github.com/jackc/puddle/v2 v2.2.1/go.mod h1:vriiEXHvEE654aYKXXjOvZM39qJ0q+azkZFrfEOc3H4=
github.com/jackc/puddle/v2 v2.2.2 h1:PR8nw+E/1w0GLuRFSmiioY6UooMp6KJv0/61nB7icHo=
github.com/jackc/puddle/v2 v2.2.2/go.mod h1:vriiEXHvEE654aYKXXjOvZM39qJ0q+azkZFrfEOc3H4=
github.com/pmezard/go-difflib v1.0.0 h1:4DBwDE0NGyQoBHbLQYPwSUPoCMWR5BEzIk/f1lZbAQM=
github.com/pmezard/go-difflib v1.0.0/go.mod h1:iKH77koFhYxTK1pcRnkKkqfTogsbg7gZNVY4sRDYZ/4=
github.com/stretchr/objx v0.1.0/go.mod h1:HFkY916IF+rwdDfMAkV7OtwuqBVzrE8GR6GFx+wExME=
github.com/stretchr/testify v1.3.0/go.mod h1:M5WIy9Dh21IEIfnGCwXGc5bZfKNJtfHm1UVUgZn+9EI=
github.com/stretchr/testify v1.7.0/go.mod h1:6Fq8oRcR53rry900zMqJjRRixrwX3KX962/h/Wwjteg=
github.com/stretchr/testify v1.8.1 h1:w7B6lhMri9wdJUVmEZPGGhZzrYTPvgJArz7wNPgYKsk=
go.llib.dev/frameless v0.244.1 h1:bK4GPR8WHZMb/hZta9iKkUISC0kmFTfE9O6jBgt+q5Q=
go.llib.dev/frameless v0.244.1/go.mod h1:txcik6u5xTbrgvh/38n79HDqXuhGwkm0K6QyV6o0IoU=
go.llib.dev/frameless v0.244.3 h1:5DlbRI99zUp3uC8mpyQuBGMo9W3ZnoJJn0dxCUcwtFE=
go.llib.dev/frameless v0.244.3/go.mod h1:txcik6u5xTbrgvh/38n79HDqXuhGwkm0K6QyV6o0IoU=
go.llib.dev/frameless v0.245.0 h1:1BT3ksfD/B2LjU/HxyiLiqWioUGgP0XG4BSw/piCfH4=
go.llib.dev/frameless v0.245.0/go.mod h1:txcik6u5xTbrgvh/38n79HDqXuhGwkm0K6QyV6o0IoU=
go.llib.dev/frameless v0.246.0 h1:gFt6e4tCljZxcrBZsNXNSFMUKGhl82XWFLFIJeIeZcg=
go.llib.dev/frameless v0.246.0/go.mod h1:txcik6u5xTbrgvh/38n79HDqXuhGwkm0K6QyV6o0IoU=
go.llib.dev/frameless v0.258.0 h1:U9/GkG01jNd6DAEv6rHIBLPTLNSE5dgLYXzWAsrNY58=
go.llib.dev/frameless v0.258.0/go.mod h1:LGlJdtuFjTvNMuyz5u77qoyrlDwMqaHwvyog8c7JUVc=
go.llib.dev/frameless v0.259.1 h1:9p1Jft6BJjmMqaWqTff/dz8RqNjGOj+49lHlQ0nVqFg=
go.llib.dev/frameless v0.259.1/go.mod h1:LGlJdtuFjTvNMuyz5u77qoyrlDwMqaHwvyog8c7JUVc=
go.llib.dev/frameless v0.259.2 h1:39X8p6xUCRAbNyxDGnw+JXf0W9F4xkTTM8J6MrA4j+0=
go.llib.dev/frameless v0.259.2/go.mod h1:LGlJdtuFjTvNMuyz5u77qoyrlDwMqaHwvyog8c7JUVc=
go.llib.dev/frameless v0.259.3 h1:wUoES3TzghzURqWmW7CxfKewH3ylddOvU1stc9TieTM=
go.llib.dev/frameless v0.259.3/go.mod h1:LGlJdtuFjTvNMuyz5u77qoyrlDwMqaHwvyog8c7JUVc=
go.llib.dev/frameless v0.259.4 h1:WxrN98lGvYXESa5YCmni5Nxpl7qI9wkt5cmyiVNQhBg=
go.llib.dev/frameless v0.259.4/go.mod h1:LGlJdtuFjTvNMuyz5u77qoyrlDwMqaHwvyog8c7JUVc=
go.llib.dev/frameless v0.260.0 h1:TIF0Y9sqMFzwIHZMRQDM4i3IbpAfsBTtXcihkEDE7rw=
go.llib.dev/frameless v0.260.0/go.mod h1:LGlJdtuFjTvNMuyz5u77qoyrlDwMqaHwvyog8c7JUVc=
go.llib.dev/frameless v0.283.0 h1:Q5MVMExKpWkY3Sal6r7VTsnZYIh5RbU6202oZ/o0BBQ=
go.llib.dev/frameless v0.283.0/go.mod h1:e3qTVxbt3M3Hvomsv3bf1MvpP+DtOw65ZG4rYWdXor0=
go.llib.dev/frameless v0.285.0 h1:piuGaruPO8WeVgR3Fbzu6El0g1eSgbN7MJ4RT1NoXMI=
go.llib.dev/frameless v0.285.0/go.mod h1:noc6+FCs6mjuJf0bHuFOE0zxRmUMuXL+IjSg/VdNUqo=
go.llib.dev/frameless v0.286.0 h1:Uf92HezbDObg/gVrNmnPNzihSS+fOO+M3lfY913XJIs=
go.llib.dev/frameless v0.286.0/go.mod h1:noc6+FCs6mjuJf0bHuFOE0zxRmUMuXL+IjSg/VdNUqo=
go.llib.dev/frameless v0.297.0 h1:1OKaVHUukxuJbfX3WamRLcr004x6hKawEs9jyPmUslo=
go.llib.dev/frameless v0.297.0/go.mod h1:iuwsZhANY94c52KI0+ECogjOTuIhvV+SUpT0Z7oP4hc=
go.llib.dev/frameless v0.298.0 h1:pBP8uaaV1KzYKszQ5mIGWeVw0nvJAKoFB67vQ0G9t8k=
go.llib.dev/frameless v0.298.0/go.mod h1:iuwsZhANY94c52KI0+ECogjOTuIhvV+SUpT0Z7oP4hc=
go.llib.dev/frameless v0.298.2 h1:N2deCL94/PPz+bh0K8wHR5NonFGTtXK28F4kpjPQ9ao=
go.llib.dev/frameless v0.298.2/go.mod h1:iuwsZhANY94c52KI0+ECogjOTuIhvV+SUpT0Z7oP4hc=
go.llib.dev/testcase v0.163.0 h1:vXwCMIYXJx3ffJckE078avWYAClKTb1zr4iPBGLiWWo=
go.llib.dev/testcase v0.163.0/go.mod h1:eNeWtttI6gxtHp/+r4X2Iqwv1QfIvcPTDHaAtkItfuQ=
go.llib.dev/testcase v0.167.0 h1:jLzhhZzz/mNPUqfA7LBhCvY/uvgElzEuHVMVer1aMqw=
go.llib.dev/testcase v0.167.0/go.mod h1:eNeWtttI6gxtHp/+r4X2Iqwv1QfIvcPTDHaAtkItfuQ=
go.llib.dev/testcase v0.169.0 h1:IUpuPnE36EUkZt+39PjXifxy0trxBWGWmF24Aob9Ehg=
go.llib.dev/testcase v0.169.0/go.mod h1:eNeWtttI6gxtHp/+r4X2Iqwv1QfIvcPTDHaAtkItfuQ=
go.llib.dev/testcase v0.171.0 h1:YfXaMiSerdBQ0MNnyXCZBXfpKPeKeATaqOi9FEhTBT8=
go.llib.dev/testcase v0.171.0/go.mod h1:eNeWtttI6gxtHp/+r4X2Iqwv1QfIvcPTDHaAtkItfuQ=
go.llib.dev/testcase v0.171.1 h1:sCWpLuHczhgL7/FxAGPHW9MFVwXXHBvyft3577wjaRQ=
go.llib.dev/testcase v0.171.1/go.mod h1:eNeWtttI6gxtHp/+r4X2Iqwv1QfIvcPTDHaAtkItfuQ=
go.llib.dev/testcase v0.179.1 h1:QHzIHsveRwApCmj5OY2mY7/pQjVIPloXYws7jdspJCw=
go.llib.dev/testcase v0.179.1/go.mod h1:eNeWtttI6gxtHp/+r4X2Iqwv1QfIvcPTDHaAtkItfuQ=
golang.org/x/crypto v0.24.0 h1:mnl8DM0o513X8fdIkmyFE/5hTYxbwYOjDS/+rK6qpRI=
golang.org/x/crypto v0.24.0/go.mod h1:Z1PMYSOR5nyMcyAVAIQSKCDwalqy85Aqn1x3Ws4L5DM=
golang.org/x/crypto v0.28.0 h1:GBDwsMXVQi34v5CCYUm2jkJvu4cbtru2U4TN2PSyQnw=
golang.org/x/crypto v0.28.0/go.mod h1:rmgy+3RHxRZMyY0jjAJShp2zgEdOqj2AO7U0pYmeQ7U=
golang.org/x/crypto v0.33.0 h1:IOBPskki6Lysi0lo9qQvbxiQ+FvsCC/YWOecCHAixus=
golang.org/x/crypto v0.33.0/go.mod h1:bVdXmD7IV/4GdElGPozy6U7lWdRXA4qyRVGJV57uQ5M=
golang.org/x/sync v0.7.0 h1:YsImfSBoP9QPYL0xyKJPq0gcaJdG3rInoqxTWbfQu9M=
golang.org/x/sync v0.7.0/go.mod h1:Czt+wKu1gCyEFDUtn0jG5QVvpJ6rzVqr5aXyt9drQfk=
golang.org/x/sync v0.8.0 h1:3NFvSEYkUoMifnESzZl15y791HH1qU2xm6eCJU5ZPXQ=
golang.org/x/sync v0.8.0/go.mod h1:Czt+wKu1gCyEFDUtn0jG5QVvpJ6rzVqr5aXyt9drQfk=
golang.org/x/sync v0.11.0 h1:GGz8+XQP4FvTTrjZPzNKTMFtSXH80RAzG+5ghFPgK9w=
golang.org/x/sync v0.11.0/go.mod h1:Czt+wKu1gCyEFDUtn0jG5QVvpJ6rzVqr5aXyt9drQfk=
golang.org/x/text v0.16.0 h1:a94ExnEXNtEwYLGJSIUxnWoxoRz/ZcCsV63ROupILh4=
golang.org/x/text v0.16.0/go.mod h1:GhwF1Be+LQoKShO3cGOHzqOgRrGaYc9AvblQOmPVHnI=
golang.org/x/text v0.19.0 h1:kTxAhCbGbxhK0IwgSKiMO5awPoDQ0RpfiVYBfK860YM=
golang.org/x/text v0.19.0/go.mod h1:BuEKDfySbSR4drPmRPG/7iBdf8hvFMuRexcpahXilzY=
golang.org/x/text v0.22.0 h1:bofq7m3/HAFvbF51jz3Q9wLg3jkvSPuiZu/pD1XwgtM=
golang.org/x/text v0.22.0/go.mod h1:YRoo4H8PVmsu+E3Ou7cqLVH8oXWIHVoX0jqUWALQhfY=
gopkg.in/check.v1 v0.0.0-20161208181325-20d25e280405/go.mod h1:Co6ibVJAznAaIkqp8huTwlJQCZ016jof/cbN4VW5Yz0=
gopkg.in/yaml.v3 v3.0.0-20200313102051-9f266ea9e77c/go.mod h1:K4uyk7z7BCEPqu6E+C64Yfv1cQ7kz7rIZviUmN+EgEM=
gopkg.in/yaml.v3 v3.0.1 h1:fxVm/GzAzEWqLHuvctI91KS9hhNmmWOoWu0XTYJS7CA=
